
Microsoft Visual Studio Solution File, Format Version 12.00
# Visual Studio Version 17
VisualStudioVersion = 17.0.32112.339
MinimumVisualStudioVersion = 10.0.40219.1
Project("{FAE04EC0-301F-11D3-BF4B-00C04F79EFBC}") = "AbetoDesing_SoftwareDAO", "AbetoDesing_SoftwareDAO\AbetoDesing_SoftwareDAO.csproj", "{DC3C83A9-9151-4E86-904B-DAA6A7B4FDBA}"
EndProject
Project("{FAE04EC0-301F-11D3-BF4B-00C04F79EFBC}") = "AbetoDesing_SoftwareWPF", "AbetoDesing_SoftwareWPF\AbetoDesing_SoftwareWPF.csproj", "{FB781E94-B035-4676-B5DD-1009495E01C6}"
EndProject
Global
	GlobalSection(SolutionConfigurationPlatforms) = preSolution
		Debug|Any CPU = Debug|Any CPU
		Release|Any CPU = Release|Any CPU
	EndGlobalSection
	GlobalSection(ProjectConfigurationPlatforms) = postSolution
		{DC3C83A9-9151-4E86-904B-DAA6A7B4FDBA}.Debug|Any CPU.ActiveCfg = Debug|Any CPU
		{DC3C83A9-9151-4E86-904B-DAA6A7B4FDBA}.Debug|Any CPU.Build.0 = Debug|Any CPU
		{DC3C83A9-9151-4E86-904B-DAA6A7B4FDBA}.Release|Any CPU.ActiveCfg = Release|Any CPU
		{DC3C83A9-9151-4E86-904B-DAA6A7B4FDBA}.Release|Any CPU.Build.0 = Release|Any CPU
		{FB781E94-B035-4676-B5DD-1009495E01C6}.Debug|Any CPU.ActiveCfg = Debug|Any CPU
		{FB781E94-B035-4676-B5DD-1009495E01C6}.Debug|Any CPU.Build.0 = Debug|Any CPU
		{FB781E94-B035-4676-B5DD-1009495E01C6}.Release|Any CPU.ActiveCfg = Release|Any CPU
		{FB781E94-B035-4676-B5DD-1009495E01C6}.Release|Any CPU.Build.0 = Release|Any CPU
	EndGlobalSection
	GlobalSection(SolutionProperties) = preSolution
		HideSolutionNode = FALSE
	EndGlobalSection
	GlobalSection(ExtensibilityGlobals) = postSolution
		SolutionGuid = {861FAE71-AA80-43D4-8933-B6AD68D56E91}
	EndGlobalSection
EndGlobal
